// !$*UTF8*$!
{
	archiveVersion = 1;
	classes = {
	};
	objectVersion = 50;
	objects = {

/* Begin PBXBuildFile section */
		993BE86624C94AF200841C4B /* AppDelegate.swift in Sources */ = {isa = PBXBuildFile; fileRef = 993BE86524C94AF200841C4B /* AppDelegate.swift */; };
		993BE86824C94AF200841C4B /* SceneDelegate.swift in Sources */ = {isa = PBXBuildFile; fileRef = 993BE86724C94AF200841C4B /* SceneDelegate.swift */; };
		993BE86A24C94AF200841C4B /* ViewController.swift in Sources */ = {isa = PBXBuildFile; fileRef = 993BE86924C94AF200841C4B /* ViewController.swift */; };
		993BE86D24C94AF200841C4B /* Main.storyboard in Resources */ = {isa = PBXBuildFile; fileRef = 993BE86B24C94AF200841C4B /* Main.storyboard */; };
		993BE87024C94AF200841C4B /* ProjectShopEasy.xcdatamodeld in Sources */ = {isa = PBXBuildFile; fileRef = 993BE86E24C94AF200841C4B /* ProjectShopEasy.xcdatamodeld */; };
		993BE87224C94AF400841C4B /* Assets.xcassets in Resources */ = {isa = PBXBuildFile; fileRef = 993BE87124C94AF400841C4B /* Assets.xcassets */; };
		993BE87524C94AF400841C4B /* LaunchScreen.storyboard in Resources */ = {isa = PBXBuildFile; fileRef = 993BE87324C94AF400841C4B /* LaunchScreen.storyboard */; };
		993BE88024C94AF500841C4B /* ProjectShopEasyTests.swift in Sources */ = {isa = PBXBuildFile; fileRef = 993BE87F24C94AF500841C4B /* ProjectShopEasyTests.swift */; };
		993BE88B24C94AF500841C4B /* ProjectShopEasyUITests.swift in Sources */ = {isa = PBXBuildFile; fileRef = 993BE88A24C94AF500841C4B /* ProjectShopEasyUITests.swift */; };
/* End PBXBuildFile section */

/* Begin PBXContainerItemProxy section */
		993BE87C24C94AF500841C4B /* PBXContainerItemProxy */ = {
			isa = PBXContainerItemProxy;
			containerPortal = 993BE85A24C94AF200841C4B /* Project object */;
			proxyType = 1;
			remoteGlobalIDString = 993BE86124C94AF200841C4B;
			remoteInfo = ProjectShopEasy;
		};
		993BE88724C94AF500841C4B /* PBXContainerItemProxy */ = {
			isa = PBXContainerItemProxy;
			containerPortal = 993BE85A24C94AF200841C4B /* Project object */;
			proxyType = 1;
			remoteGlobalIDString = 993BE86124C94AF200841C4B;
			remoteInfo = ProjectShopEasy;
		};
/* End PBXContainerItemProxy section */

/* Begin PBXFileReference section */
		993BE86224C94AF200841C4B /* ProjectShopEasy.app */ = {isa = PBXFileReference; explicitFileType = wrapper.application; includeInIndex = 0; path = ProjectShopEasy.app; sourceTree = BUILT_PRODUCTS_DIR; };
		993BE86524C94AF200841C4B /* AppDelegate.swift */ = {isa = PBXFileReference; lastKnownFileType = sourcecode.swift; path = AppDelegate.swift; sourceTree = "<group>"; };
		993BE86724C94AF200841C4B /* SceneDelegate.swift */ = {isa = PBXFileReference; lastKnownFileType = sourcecode.swift; path = SceneDelegate.swift; sourceTree = "<group>"; };
		993BE86924C94AF200841C4B /* ViewController.swift */ = {isa = PBXFileReference; lastKnownFileType = sourcecode.swift; path = ViewController.swift; sourceTree = "<group>"; };
		993BE86C24C94AF200841C4B /* Base */ = {isa = PBXFileReference; lastKnownFileType = file.storyboard; name = Base; path = Base.lproj/Main.storyboard; sourceTree = "<group>"; };
		993BE86F24C94AF200841C4B /* ProjectShopEasy.xcdatamodel */ = {isa = PBXFileReference; lastKnownFileType = wrapper.xcdatamodel; path = ProjectShopEasy.xcdatamodel; sourceTree = "<group>"; };
		993BE87124C94AF400841C4B /* Assets.xcassets */ = {isa = PBXFileReference; lastKnownFileType = folder.assetcatalog; path = Assets.xcassets; sourceTree = "<group>"; };
		993BE87424C94AF400841C4B /* Base */ = {isa = PBXFileReference; lastKnownFileType = file.storyboard; name = Base; path = Base.lproj/LaunchScreen.storyboard; sourceTree = "<group>"; };
		993BE87624C94AF400841C4B /* Info.plist */ = {isa = PBXFileReference; lastKnownFileType = text.plist.xml; path = Info.plist; sourceTree = "<group>"; };
		993BE87B24C94AF500841C4B /* ProjectShopEasyTests.xctest */ = {isa = PBXFileReference; explicitFileType = wrapper.cfbundle; includeInIndex = 0; path = ProjectShopEasyTests.xctest; sourceTree = BUILT_PRODUCTS_DIR; };
		993BE87F24C94AF500841C4B /* ProjectShopEasyTests.swift */ = {isa = PBXFileReference; lastKnownFileType = sourcecode.swift; path = ProjectShopEasyTests.swift; sourceTree = "<group>"; };
		993BE88124C94AF500841C4B /* Info.plist */ = {isa = PBXFileReference; lastKnownFileType = text.plist.xml; path = Info.plist; sourceTree = "<group>"; };
		993BE88624C94AF500841C4B /* ProjectShopEasyUITests.xctest */ = {isa = PBXFileReference; explicitFileType = wrapper.cfbundle; includeInIndex = 0; path = ProjectShopEasyUITests.xctest; sourceTree = BUILT_PRODUCTS_DIR; };
		993BE88A24C94AF500841C4B /* ProjectShopEasyUITests.swift */ = {isa = PBXFileReference; lastKnownFileType = sourcecode.swift; path = ProjectShopEasyUITests.swift; sourceTree = "<group>"; };
		993BE88C24C94AF500841C4B /* Info.plist */ = {isa = PBXFileReference; lastKnownFileType = text.plist.xml; path = Info.plist; sourceTree = "<group>"; };
/* End PBXFileReference section */

/* Begin PBXFrameworksBuildPhase section */
		993BE85F24C94AF200841C4B /* Frameworks */ = {
			isa = PBXFrameworksBuildPhase;
			buildActionMask = 2147483647;
			files = (
			);
			runOnlyForDeploymentPostprocessing = 0;
		};
		993BE87824C94AF500841C4B /* Frameworks */ = {
			isa = PBXFrameworksBuildPhase;
			buildActionMask = 2147483647;
			files = (
			);
			runOnlyForDeploymentPostprocessing = 0;
		};
		993BE88324C94AF500841C4B /* Frameworks */ = {
			isa = PBXFrameworksBuildPhase;
			buildActionMask = 2147483647;
			files = (
			);
			runOnlyForDeploymentPostprocessing = 0;
		};
/* End PBXFrameworksBuildPhase section */

/* Begin PBXGroup section */
		993BE85924C94AF200841C4B = {
			isa = PBXGroup;
			children = (
				993BE86424C94AF200841C4B /* ProjectShopEasy */,
				993BE87E24C94AF500841C4B /* ProjectShopEasyTests */,
				993BE88924C94AF500841C4B /* ProjectShopEasyUITests */,
				993BE86324C94AF200841C4B /* Products */,
			);
			sourceTree = "<group>";
		};
		993BE86324C94AF200841C4B /* Products */ = {
			isa = PBXGroup;
			children = (
				993BE86224C94AF200841C4B /* ProjectShopEasy.app */,
				993BE87B24C94AF500841C4B /* ProjectShopEasyTests.xctest */,
				993BE88624C94AF500841C4B /* ProjectShopEasyUITests.xctest */,
			);
			name = Products;
			sourceTree = "<group>";
		};
		993BE86424C94AF200841C4B /* ProjectShopEasy */ = {
			isa = PBXGroup;
			children = (
				993BE86524C94AF200841C4B /* AppDelegate.swift */,
				993BE86724C94AF200841C4B /* SceneDelegate.swift */,
				993BE86924C94AF200841C4B /* ViewController.swift */,
				993BE86B24C94AF200841C4B /* Main.storyboard */,
				993BE87124C94AF400841C4B /* Assets.xcassets */,
				993BE87324C94AF400841C4B /* LaunchScreen.storyboard */,
				993BE87624C94AF400841C4B /* Info.plist */,
				993BE86E24C94AF200841C4B /* ProjectShopEasy.xcdatamodeld */,
			);
			path = ProjectShopEasy;
			sourceTree = "<group>";
		};
		993BE87E24C94AF500841C4B /* ProjectShopEasyTests */ = {
			isa = PBXGroup;
			children = (
				993BE87F24C94AF500841C4B /* ProjectShopEasyTests.swift */,
				993BE88124C94AF500841C4B /* Info.plist */,
			);
			path = ProjectShopEasyTests;
			sourceTree = "<group>";
		};
		993BE88924C94AF500841C4B /* ProjectShopEasyUITests */ = {
			isa = PBXGroup;
			children = (
				993BE88A24C94AF500841C4B /* ProjectShopEasyUITests.swift */,
				993BE88C24C94AF500841C4B /* Info.plist */,
			);
			path = ProjectShopEasyUITests;
			sourceTree = "<group>";
		};
/* End PBXGroup section */

/* Begin PBXNativeTarget section */
		993BE86124C94AF200841C4B /* ProjectShopEasy */ = {
			isa = PBXNativeTarget;
			buildConfigurationList = 993BE88F24C94AF500841C4B /* Build configuration list for PBXNativeTarget "ProjectShopEasy" */;
			buildPhases = (
				993BE85E24C94AF200841C4B /* Sources */,
				993BE85F24C94AF200841C4B /* Frameworks */,
				993BE86024C94AF200841C4B /* Resources */,
			);
			buildRules = (
			);
			dependencies = (
			);
			name = ProjectShopEasy;
			productName = ProjectShopEasy;
			productReference = 993BE86224C94AF200841C4B /* ProjectShopEasy.app */;
			productType = "com.apple.product-type.application";
		};
		993BE87A24C94AF500841C4B /* ProjectShopEasyTests */ = {
			isa = PBXNativeTarget;
			buildConfigurationList = 993BE89224C94AF500841C4B /* Build configuration list for PBXNativeTarget "ProjectShopEasyTests" */;
			buildPhases = (
				993BE87724C94AF500841C4B /* Sources */,
				993BE87824C94AF500841C4B /* Frameworks */,
				993BE87924C94AF500841C4B /* Resources */,
			);
			buildRules = (
			);
			dependencies = (
				993BE87D24C94AF500841C4B /* PBXTargetDependency */,
			);
			name = ProjectShopEasyTests;
			productName = ProjectShopEasyTests;
			productReference = 993BE87B24C94AF500841C4B /* ProjectShopEasyTests.xctest */;
			productType = "com.apple.product-type.bundle.unit-test";
		};
		993BE88524C94AF500841C4B /* ProjectShopEasyUITests */ = {
			isa = PBXNativeTarget;
			buildConfigurationList = 993BE89524C94AF500841C4B /* Build configuration list for PBXNativeTarget "ProjectShopEasyUITests" */;
			buildPhases = (
				993BE88224C94AF500841C4B /* Sources */,
				993BE88324C94AF500841C4B /* Frameworks */,
				993BE88424C94AF500841C4B /* Resources */,
			);
			buildRules = (
			);
			dependencies = (
				993BE88824C94AF500841C4B /* PBXTargetDependency */,
			);
			name = ProjectShopEasyUITests;
			productName = ProjectShopEasyUITests;
			productReference = 993BE88624C94AF500841C4B /* ProjectShopEasyUITests.xctest */;
			productType = "com.apple.product-type.bundle.ui-testing";
		};
/* End PBXNativeTarget section */

/* Begin PBXProject section */
		993BE85A24C94AF200841C4B /* Project object */ = {
			isa = PBXProject;
			attributes = {
				LastSwiftUpdateCheck = 1130;
				LastUpgradeCheck = 1130;
				ORGANIZATIONNAME = Shopeasy;
				TargetAttributes = {
					993BE86124C94AF200841C4B = {
						CreatedOnToolsVersion = 11.3.1;
					};
					993BE87A24C94AF500841C4B = {
						CreatedOnToolsVersion = 11.3.1;
						TestTargetID = 993BE86124C94AF200841C4B;
					};
					993BE88524C94AF500841C4B = {
						CreatedOnToolsVersion = 11.3.1;
						TestTargetID = 993BE86124C94AF200841C4B;
					};
				};
			};
			buildConfigurationList = 993BE85D24C94AF200841C4B /* Build configuration list for PBXProject "ProjectShopEasy" */;
			compatibilityVersion = "Xcode 9.3";
			developmentRegion = en;
			hasScannedForEncodings = 0;
			knownRegions = (
				en,
				Base,
			);
			mainGroup = 993BE85924C94AF200841C4B;
			productRefGroup = 993BE86324C94AF200841C4B /* Products */;
			projectDirPath = "";
			projectRoot = "";
			targets = (
				993BE86124C94AF200841C4B /* ProjectShopEasy */,
				993BE87A24C94AF500841C4B /* ProjectShopEasyTests */,
				993BE88524C94AF500841C4B /* ProjectShopEasyUITests */,
			);
		};
/* End PBXProject section */

/* Begin PBXResourcesBuildPhase section */
		993BE86024C94AF200841C4B /* Resources */ = {
			isa = PBXResourcesBuildPhase;
			buildActionMask = 2147483647;
			files = (
				993BE87524C94AF400841C4B /* LaunchScreen.storyboard in Resources */,
				993BE87224C94AF400841C4B /* Assets.xcassets in Resources */,
				993BE86D24C94AF200841C4B /* Main.storyboard in Resources */,
			);
			runOnlyForDeploymentPostprocessing = 0;
		};
		993BE87924C94AF500841C4B /* Resources */ = {
			isa = PBXResourcesBuildPhase;
			buildActionMask = 2147483647;
			files = (
			);
			runOnlyForDeploymentPostprocessing = 0;
		};
		993BE88424C94AF500841C4B /* Resources */ = {
			isa = PBXResourcesBuildPhase;
			buildActionMask = 2147483647;
			files = (
			);
			runOnlyForDeploymentPostprocessing = 0;
		};
/* End PBXResourcesBuildPhase section */

/* Begin PBXSourcesBuildPhase section */
		993BE85E24C94AF200841C4B /* Sources */ = {
			isa = PBXSourcesBuildPhase;
			buildActionMask = 2147483647;
			files = (
				993BE86A24C94AF200841C4B /* ViewController.swift in Sources */,
				993BE86624C94AF200841C4B /* AppDelegate.swift in Sources */,
				993BE86824C94AF200841C4B /* SceneDelegate.swift in Sources */,
				993BE87024C94AF200841C4B /* ProjectShopEasy.xcdatamodeld in Sources */,
			);
			runOnlyForDeploymentPostprocessing = 0;
		};
		993BE87724C94AF500841C4B /* Sources */ = {
			isa = PBXSourcesBuildPhase;
			buildActionMask = 2147483647;
			files = (
				993BE88024C94AF500841C4B /* ProjectShopEasyTests.swift in Sources */,
			);
			runOnlyForDeploymentPostprocessing = 0;
		};
		993BE88224C94AF500841C4B /* Sources */ = {
			isa = PBXSourcesBuildPhase;
			buildActionMask = 2147483647;
			files = (
				993BE88B24C94AF500841C4B /* ProjectShopEasyUITests.swift in Sources */,
			);
			runOnlyForDeploymentPostprocessing = 0;
		};
/* End PBXSourcesBuildPhase section */

/* Begin PBXTargetDependency section */
		993BE87D24C94AF500841C4B /* PBXTargetDependency */ = {
			isa = PBXTargetDependency;
			target = 993BE86124C94AF200841C4B /* ProjectShopEasy */;
			targetProxy = 993BE87C24C94AF500841C4B /* PBXContainerItemProxy */;
		};
		993BE88824C94AF500841C4B /* PBXTargetDependency */ = {
			isa = PBXTargetDependency;
			target = 993BE86124C94AF200841C4B /* ProjectShopEasy */;
			targetProxy = 993BE88724C94AF500841C4B /* PBXContainerItemProxy */;
		};
/* End PBXTargetDependency section */

/* Begin PBXVariantGroup section */
		993BE86B24C94AF200841C4B /* Main.storyboard */ = {
			isa = PBXVariantGroup;
			children = (
				993BE86C24C94AF200841C4B /* Base */,
			);
			name = Main.storyboard;
			sourceTree = "<group>";
		};
		993BE87324C94AF400841C4B /* LaunchScreen.storyboard */ = {
			isa = PBXVariantGroup;
			children = (
				993BE87424C94AF400841C4B /* Base */,
			);
			name = LaunchScreen.storyboard;
			sourceTree = "<group>";
		};
/* End PBXVariantGroup section */

/* Begin XCBuildConfiguration section */
		993BE88D24C94AF500841C4B /* Debug */ = {
			isa = XCBuildConfiguration;
			buildSettings = {
				ALWAYS_SEARCH_USER_PATHS = NO;
				CLANG_ANALYZER_NONNULL = YES;
				CLANG_ANALYZER_NUMBER_OBJECT_CONVERSION = YES_AGGRESSIVE;
				CLANG_CXX_LANGUAGE_STANDARD = "gnu++14";
				CLANG_CXX_LIBRARY = "libc++";
				CLANG_ENABLE_MODULES = YES;
				CLANG_ENABLE_OBJC_ARC = YES;
				CLANG_ENABLE_OBJC_WEAK = YES;
				CLANG_WARN_BLOCK_CAPTURE_AUTORELEASING = YES;
				CLANG_WARN_BOOL_CONVERSION = YES;
				CLANG_WARN_COMMA = YES;
				CLANG_WARN_CONSTANT_CONVERSION = YES;
				CLANG_WARN_DEPRECATED_OBJC_IMPLEMENTATIONS = YES;
				CLANG_WARN_DIRECT_OBJC_ISA_USAGE = YES_ERROR;
				CLANG_WARN_DOCUMENTATION_COMMENTS = YES;
				CLANG_WARN_EMPTY_BODY = YES;
				CLANG_WARN_ENUM_CONVERSION = YES;
				CLANG_WARN_INFINITE_RECURSION = YES;
				CLANG_WARN_INT_CONVERSION = YES;
				CLANG_WARN_NON_LITERAL_NULL_CONVERSION = YES;
				CLANG_WARN_OBJC_IMPLICIT_RETAIN_SELF = YES;
				CLANG_WARN_OBJC_LITERAL_CONVERSION = YES;
				CLANG_WARN_OBJC_ROOT_CLASS = YES_ERROR;
				CLANG_WARN_RANGE_LOOP_ANALYSIS = YES;
				CLANG_WARN_STRICT_PROTOTYPES = YES;
				CLANG_WARN_SUSPICIOUS_MOVE = YES;
				CLANG_WARN_UNGUARDED_AVAILABILITY = YES_AGGRESSIVE;
				CLANG_WARN_UNREACHABLE_CODE = YES;
				CLANG_WARN__DUPLICATE_METHOD_MATCH = YES;
				COPY_PHASE_STRIP = NO;
				DEBUG_INFORMATION_FORMAT = dwarf;
				ENABLE_STRICT_OBJC_MSGSEND = YES;
				ENABLE_TESTABILITY = YES;
				GCC_C_LANGUAGE_STANDARD = gnu11;
				GCC_DYNAMIC_NO_PIC = NO;
				GCC_NO_COMMON_BLOCKS = YES;
				GCC_OPTIMIZATION_LEVEL = 0;
				GCC_PREPROCESSOR_DEFINITIONS = (
					"DEBUG=1",
					"$(inherited)",
				);
				GCC_WARN_64_TO_32_BIT_CONVERSION = YES;
				GCC_WARN_ABOUT_RETURN_TYPE = YES_ERROR;
				GCC_WARN_UNDECLARED_SELECTOR = YES;
				GCC_WARN_UNINITIALIZED_AUTOS = YES_AGGRESSIVE;
				GCC_WARN_UNUSED_FUNCTION = YES;
				GCC_WARN_UNUSED_VARIABLE = YES;
				IPHONEOS_DEPLOYMENT_TARGET = 13.2;
				MTL_ENABLE_DEBUG_INFO = INCLUDE_SOURCE;
				MTL_FAST_MATH = YES;
				ONLY_ACTIVE_ARCH = YES;
				SDKROOT = iphoneos;
				SWIFT_ACTIVE_COMPILATION_CONDITIONS = DEBUG;
				SWIFT_OPTIMIZATION_LEVEL = "-Onone";
			};
			name = Debug;
		};
		993BE88E24C94AF500841C4B /* Release */ = {
			isa = XCBuildConfiguration;
			buildSettings = {
				ALWAYS_SEARCH_USER_PATHS = NO;
				CLANG_ANALYZER_NONNULL = YES;
				CLANG_ANALYZER_NUMBER_OBJECT_CONVERSION = YES_AGGRESSIVE;
				CLANG_CXX_LANGUAGE_STANDARD = "gnu++14";
				CLANG_CXX_LIBRARY = "libc++";
				CLANG_ENABLE_MODULES = YES;
				CLANG_ENABLE_OBJC_ARC = YES;
				CLANG_ENABLE_OBJC_WEAK = YES;
				CLANG_WARN_BLOCK_CAPTURE_AUTORELEASING = YES;
				CLANG_WARN_BOOL_CONVERSION = YES;
				CLANG_WARN_COMMA = YES;
				CLANG_WARN_CONSTANT_CONVERSION = YES;
				CLANG_WARN_DEPRECATED_OBJC_IMPLEMENTATIONS = YES;
				CLANG_WARN_DIRECT_OBJC_ISA_USAGE = YES_ERROR;
				CLANG_WARN_DOCUMENTATION_COMMENTS = YES;
				CLANG_WARN_EMPTY_BODY = YES;
				CLANG_WARN_ENUM_CONVERSION = YES;
				CLANG_WARN_INFINITE_RECURSION = YES;
				CLANG_WARN_INT_CONVERSION = YES;
				CLANG_WARN_NON_LITERAL_NULL_CONVERSION = YES;
				CLANG_WARN_OBJC_IMPLICIT_RETAIN_SELF = YES;
				CLANG_WARN_OBJC_LITERAL_CONVERSION = YES;
				CLANG_WARN_OBJC_ROOT_CLASS = YES_ERROR;
				CLANG_WARN_RANGE_LOOP_ANALYSIS = YES;
				CLANG_WARN_STRICT_PROTOTYPES = YES;
				CLANG_WARN_SUSPICIOUS_MOVE = YES;
				CLANG_WARN_UNGUARDED_AVAILABILITY = YES_AGGRESSIVE;
				CLANG_WARN_UNREACHABLE_CODE = YES;
				CLANG_WARN__DUPLICATE_METHOD_MATCH = YES;
				COPY_PHASE_STRIP = NO;
				DEBUG_INFORMATION_FORMAT = "dwarf-with-dsym";
				ENABLE_NS_ASSERTIONS = NO;
				ENABLE_STRICT_OBJC_MSGSEND = YES;
				GCC_C_LANGUAGE_STANDARD = gnu11;
				GCC_NO_COMMON_BLOCKS = YES;
				GCC_WARN_64_TO_32_BIT_CONVERSION = YES;
				GCC_WARN_ABOUT_RETURN_TYPE = YES_ERROR;
				GCC_WARN_UNDECLARED_SELECTOR = YES;
				GCC_WARN_UNINITIALIZED_AUTOS = YES_AGGRESSIVE;
				GCC_WARN_UNUSED_FUNCTION = YES;
				GCC_WARN_UNUSED_VARIABLE = YES;
				IPHONEOS_DEPLOYMENT_TARGET = 13.2;
				MTL_ENABLE_DEBUG_INFO = NO;
				MTL_FAST_MATH = YES;
				SDKROOT = iphoneos;
				SWIFT_COMPILATION_MODE = wholemodule;
				SWIFT_OPTIMIZATION_LEVEL = "-O";
				VALIDATE_PRODUCT = YES;
			};
			name = Release;
		};
		993BE89024C94AF500841C4B /* Debug */ = {
			isa = XCBuildConfiguration;
			buildSettings = {
				ASSETCATALOG_COMPILER_APPICON_NAME = AppIcon;
				CODE_SIGN_STYLE = Automatic;
				INFOPLIST_FILE = ProjectShopEasy/Info.plist;
				LD_RUNPATH_SEARCH_PATHS = (
					"$(inherited)",
					"@executable_path/Frameworks",
				);
				PRODUCT_BUNDLE_IDENTIFIER = Shopeasy.ProjectShopEasy;
				PRODUCT_NAME = "$(TARGET_NAME)";
				SWIFT_VERSION = 5.0;
				TARGETED_DEVICE_FAMILY = "1,2";
			};
			name = Debug;
		};
		993BE89124C94AF500841C4B /* Release */ = {
			isa = XCBuildConfiguration;
			buildSettings = {
				ASSETCATALOG_COMPILER_APPICON_NAME = AppIcon;
				CODE_SIGN_STYLE = Automatic;
				INFOPLIST_FILE = ProjectShopEasy/Info.plist;
				LD_RUNPATH_SEARCH_PATHS = (
					"$(inherited)",
					"@executable_path/Frameworks",
				);
				PRODUCT_BUNDLE_IDENTIFIER = Shopeasy.ProjectShopEasy;
				PRODUCT_NAME = "$(TARGET_NAME)";
				SWIFT_VERSION = 5.0;
				TARGETED_DEVICE_FAMILY = "1,2";
			};
			name = Release;
		};
		993BE89324C94AF500841C4B /* Debug */ = {
			isa = XCBuildConfiguration;
			buildSettings = {
				ALWAYS_EMBED_SWIFT_STANDARD_LIBRARIES = YES;
				BUNDLE_LOADER = "$(TEST_HOST)";
				CODE_SIGN_STYLE = Automatic;
				INFOPLIST_FILE = ProjectShopEasyTests/Info.plist;
				IPHONEOS_DEPLOYMENT_TARGET = 13.2;
				LD_RUNPATH_SEARCH_PATHS = (
					"$(inherited)",
					"@executable_path/Frameworks",
					"@loader_path/Frameworks",
				);
				PRODUCT_BUNDLE_IDENTIFIER = Shopeasy.ProjectShopEasyTests;
				PRODUCT_NAME = "$(TARGET_NAME)";
				SWIFT_VERSION = 5.0;
				TARGETED_DEVICE_FAMILY = "1,2";
				TEST_HOST = "$(BUILT_PRODUCTS_DIR)/ProjectShopEasy.app/ProjectShopEasy";
			};
			name = Debug;
		};
		993BE89424C94AF500841C4B /* Release */ = {
			isa = XCBuildConfiguration;
			buildSettings = {
				ALWAYS_EMBED_SWIFT_STANDARD_LIBRARIES = YES;
				BUNDLE_LOADER = "$(TEST_HOST)";
				CODE_SIGN_STYLE = Automatic;
				INFOPLIST_FILE = ProjectShopEasyTests/Info.plist;
				IPHONEOS_DEPLOYMENT_TARGET = 13.2;
				LD_RUNPATH_SEARCH_PATHS = (
					"$(inherited)",
					"@executable_path/Frameworks",
					"@loader_path/Frameworks",
				);
				PRODUCT_BUNDLE_IDENTIFIER = Shopeasy.ProjectShopEasyTests;
				PRODUCT_NAME = "$(TARGET_NAME)";
				SWIFT_VERSION = 5.0;
				TARGETED_DEVICE_FAMILY = "1,2";
				TEST_HOST = "$(BUILT_PRODUCTS_DIR)/ProjectShopEasy.app/ProjectShopEasy";
			};
			name = Release;
		};
		993BE89624C94AF500841C4B /* Debug */ = {
			isa = XCBuildConfiguration;
			buildSettings = {
				ALWAYS_EMBED_SWIFT_STANDARD_LIBRARIES = YES;
				CODE_SIGN_STYLE = Automatic;
				INFOPLIST_FILE = ProjectShopEasyUITests/Info.plist;
				LD_RUNPATH_SEARCH_PATHS = (
					"$(inherited)",
					"@executable_path/Frameworks",
					"@loader_path/Frameworks",
				);
				PRODUCT_BUNDLE_IDENTIFIER = Shopeasy.ProjectShopEasyUITests;
				PRODUCT_NAME = "$(TARGET_NAME)";
				SWIFT_VERSION = 5.0;
				TARGETED_DEVICE_FAMILY = "1,2";
				TEST_TARGET_NAME = ProjectShopEasy;
			};
			name = Debug;
		};
		993BE89724C94AF500841C4B /* Release */ = {
			isa = XCBuildConfiguration;
			buildSettings = {
				ALWAYS_EMBED_SWIFT_STANDARD_LIBRARIES = YES;
				CODE_SIGN_STYLE = Automatic;
				INFOPLIST_FILE = ProjectShopEasyUITests/Info.plist;
				LD_RUNPATH_SEARCH_PATHS = (
					"$(inherited)",
					"@executable_path/Frameworks",
					"@loader_path/Frameworks",
				);
				PRODUCT_BUNDLE_IDENTIFIER = Shopeasy.ProjectShopEasyUITests;
				PRODUCT_NAME = "$(TARGET_NAME)";
				SWIFT_VERSION = 5.0;
				TARGETED_DEVICE_FAMILY = "1,2";
				TEST_TARGET_NAME = ProjectShopEasy;
			};
			name = Release;
		};
/* End XCBuildConfiguration section */

/* Begin XCConfigurationList section */
		993BE85D24C94AF200841C4B /* Build configuration list for PBXProject "ProjectShopEasy" */ = {
			isa = XCConfigurationList;
			buildConfigurations = (
				993BE88D24C94AF500841C4B /* Debug */,
				993BE88E24C94AF500841C4B /* Release */,
			);
			defaultConfigurationIsVisible = 0;
			defaultConfigurationName = Release;
		};
		993BE88F24C94AF500841C4B /* Build configuration list for PBXNativeTarget "ProjectShopEasy" */ = {
			isa = XCConfigurationList;
			buildConfigurations = (
				993BE89024C94AF500841C4B /* Debug */,
				993BE89124C94AF500841C4B /* Release */,
			);
			defaultConfigurationIsVisible = 0;
			defaultConfigurationName = Release;
		};
		993BE89224C94AF500841C4B /* Build configuration list for PBXNativeTarget "ProjectShopEasyTests" */ = {
			isa = XCConfigurationList;
			buildConfigurations = (
				993BE89324C94AF500841C4B /* Debug */,
				993BE89424C94AF500841C4B /* Release */,
			);
			defaultConfigurationIsVisible = 0;
			defaultConfigurationName = Release;
		};
		993BE89524C94AF500841C4B /* Build configuration list for PBXNativeTarget "ProjectShopEasyUITests" */ = {
			isa = XCConfigurationList;
			buildConfigurations = (
				993BE89624C94AF500841C4B /* Debug */,
				993BE89724C94AF500841C4B /* Release */,
			);
			defaultConfigurationIsVisible = 0;
			defaultConfigurationName = Release;
		};
/* End XCConfigurationList section */

/* Begin XCVersionGroup section */
		993BE86E24C94AF200841C4B /* ProjectShopEasy.xcdatamodeld */ = {
			isa = XCVersionGroup;
			children = (
				993BE86F24C94AF200841C4B /* ProjectShopEasy.xcdatamodel */,
			);
			currentVersion = 993BE86F24C94AF200841C4B /* ProjectShopEasy.xcdatamodel */;
			path = ProjectShopEasy.xcdatamodeld;
			sourceTree = "<group>";
			versionGroupType = wrapper.xcdatamodel;
		};
/* End XCVersionGroup section */
	};
	rootObject = 993BE85A24C94AF200841C4B /* Project object */;
}
